{
  "name": "@thaodangspace/agent-sandbox",
  "version": "0.1.0",
  "lockfileVersion": 3,
  "requires": true,
  "packages": {
    "": {
      "name": "@thaodangspace/agent-sandbox",
      "version": "0.1.0",
      "hasInstallScript": true,
      "license": "MIT",
      "bin": {
        "agentsandbox": "bin/agentsandbox.js"
      }
    }
  }
}
